
Microsoft Visual Studio Solution File, Format Version 12.00
# Visual Studio 2013
VisualStudioVersion = 12.0.21005.1
MinimumVisualStudioVersion = 10.0.40219.1
Project("{8BC9CEB8-8B4A-11D0-8D11-00A0C91BC942}") = "advanced1002_AxB_polynomials", "advanced1002_AxB_polynomials\advanced1002_AxB_polynomials.vcxproj", "{932A60C8-E0D8-4092-BAE3-888669CDC795}"
EndProject
Project("{8BC9CEB8-8B4A-11D0-8D11-00A0C91BC942}") = "advanced1003_emergency", "advanced1003_emergency\advanced1003_emergency.vcxproj", "{F6A894C0-0878-4C99-A2D1-A75918D78827}"
EndProject
Project("{8BC9CEB8-8B4A-11D0-8D11-00A0C91BC942}") = "advanced1004_counting_leaves", "advanced1004_counting_leaves\advanced1004_counting_leaves.vcxproj", "{E5EBDC87-ADAE-4D44-9088-C76F6072FE07}"
EndProject
Project("{8BC9CEB8-8B4A-11D0-8D11-00A0C91BC942}") = "advanced1010_radix", "advanced1010_radix\advanced1010_radix.vcxproj", "{C818B020-A289-44F0-9188-EAEE5681C046}"
EndProject
Project("{8BC9CEB8-8B4A-11D0-8D11-00A0C91BC942}") = "advanced1008_elevator", "advanced1008_elevator\advanced1008_elevator.vcxproj", "{810F1581-6E9D-4EEF-97B0-D02E84BC5FCF}"
EndProject
Project("{8BC9CEB8-8B4A-11D0-8D11-00A0C91BC942}") = "advanced1005_spell_it_right", "advanced1005_spell_it_right\advanced1005_spell_it_right.vcxproj", "{240313F0-97AD-4EB9-A1D2-1E8B01991013}"
EndProject
Project("{8BC9CEB8-8B4A-11D0-8D11-00A0C91BC942}") = "advanced1001_AxB_format", "advanced1001_AxB_format\advanced1001_AxB_format.vcxproj", "{F4D7A52A-300C-4FFE-92C8-D6180077707B}"
EndProject
Project("{8BC9CEB8-8B4A-11D0-8D11-00A0C91BC942}") = "advanced1006_sign_in_and_sign_out", "advanced1006_sign_in_and_sign_out\advanced1006_sign_in_and_sign_out.vcxproj", "{4B8E4E57-0716-4321-B22E-56CC8D3513CC}"
EndProject
Project("{8BC9CEB8-8B4A-11D0-8D11-00A0C91BC942}") = "advanced1007_maximum_subsequence_sum", "advanced1007_maximum_subsequence_sum\advanced1007_maximum_subsequence_sum.vcxproj", "{BE093812-8C99-4070-8371-176C09E58939}"
EndProject
Project("{8BC9CEB8-8B4A-11D0-8D11-00A0C91BC942}") = "advanced1009_product_of_polynomials", "advanced1009_product_of_polynomials\advanced1009_product_of_polynomials.vcxproj", "{004A2B95-BDE7-40A4-A889-6AA61689D714}"
EndProject
Project("{8BC9CEB8-8B4A-11D0-8D11-00A0C91BC942}") = "advanced1011_world_cup_betting", "advanced1011_world_cup_betting\advanced1011_world_cup_betting.vcxproj", "{D0D1F9F5-D5BB-4588-A0E2-DEB0C4D8EB14}"
EndProject
Project("{8BC9CEB8-8B4A-11D0-8D11-00A0C91BC942}") = "advanced1012_the_best_rank", "advanced1012_the_best_rank\advanced1012_the_best_rank.vcxproj", "{0A08C39F-0BC7-4905-A134-B3D5790B170B}"
EndProject
Project("{8BC9CEB8-8B4A-11D0-8D11-00A0C91BC942}") = "advanced1015_reversible_primes", "advanced1015_reversible_primes\advanced1015_reversible_primes.vcxproj", "{DCE69BDF-1F80-46F9-9628-02F4374F27E7}"
EndProject
Project("{8BC9CEB8-8B4A-11D0-8D11-00A0C91BC942}") = "advanced1016_phone_bills", "advanced1016_phone_bills\advanced1016_phone_bills.vcxproj", "{35A0C37B-6D7D-4BD7-A88B-829C74B93AFC}"
EndProject
Project("{8BC9CEB8-8B4A-11D0-8D11-00A0C91BC942}") = "advanced1017_queueing_at_bank", "advanced1017_queueing_at_bank\advanced1017_queueing_at_bank.vcxproj", "{25AF05C4-7B08-4129-8E92-CD978DCBF2EC}"
EndProject
Project("{8BC9CEB8-8B4A-11D0-8D11-00A0C91BC942}") = "advanced1020_tree_traversals", "advanced1020_tree_traversals\advanced1020_tree_traversals.vcxproj", "{5541F25E-8CD7-4D63-9FC4-C5987485EA5F}"
EndProject
Project("{8BC9CEB8-8B4A-11D0-8D11-00A0C91BC942}") = "advanced1019_general_palindromic_number", "advanced1019_general_palindromic_number\advanced1019_general_palindromic_number.vcxproj", "{15DD7F8F-0BC9-4413-AC3B-9C9FA2CC945C}"
EndProject
Project("{8BC9CEB8-8B4A-11D0-8D11-00A0C91BC942}") = "advanced1022_digital_library", "advanced1022_digital_library\advanced1022_digital_library.vcxproj", "{055428A4-7FA3-4620-A324-F0A06B372B7F}"
EndProject
Project("{8BC9CEB8-8B4A-11D0-8D11-00A0C91BC942}") = "advanced1024_palindromic_number", "advanced1024_palindromic_number\advanced1024_palindromic_number.vcxproj", "{ABD35D70-B0BD-4A10-B4AC-7096130017C2}"
EndProject
Project("{8BC9CEB8-8B4A-11D0-8D11-00A0C91BC942}") = "advanced1025_PAT_ranking", "advanced1025_PAT_ranking\advanced1025_PAT_ranking.vcxproj", "{D6659F96-ED0D-4C71-948E-37894DDE6F7A}"
EndProject
Project("{8BC9CEB8-8B4A-11D0-8D11-00A0C91BC942}") = "advanced1023_have_fun_with_numbers", "advanced1023_have_fun_with_numbers\advanced1023_have_fun_with_numbers.vcxproj", "{BB72F3A4-F757-4DBA-8D82-4AC75814A9EC}"
EndProject
Project("{8BC9CEB8-8B4A-11D0-8D11-00A0C91BC942}") = "advanced1028_list_sorting", "advanced1028_list_sorting\advanced1028_list_sorting.vcxproj", "{C81EF4C8-E2AF-4120-ABBC-81A35AF54B34}"
EndProject
Project("{8BC9CEB8-8B4A-11D0-8D11-00A0C91BC942}") = "advanced1027_colors_in_mars", "advanced1027_colors_in_mars\advanced1027_colors_in_mars.vcxproj", "{3D8EB96B-A284-4119-8914-704CBD0EC041}"
EndProject
Project("{8BC9CEB8-8B4A-11D0-8D11-00A0C91BC942}") = "advanced1029_median", "advanced1029_median\advanced1029_median.vcxproj", "{C5616BED-F6FC-4278-8EB8-5F7F08C2FD58}"
EndProject
Project("{8BC9CEB8-8B4A-11D0-8D11-00A0C91BC942}") = "advanced1030_travel_plan", "advanced1030_travel_plan\advanced1030_travel_plan.vcxproj", "{5109E3FA-A69D-462E-B65B-FAF97A0000C3}"
EndProject
Global
	GlobalSection(SolutionConfigurationPlatforms) = preSolution
		Debug|Win32 = Debug|Win32
		Release|Win32 = Release|Win32
	EndGlobalSection
	GlobalSection(ProjectConfigurationPlatforms) = postSolution
		{932A60C8-E0D8-4092-BAE3-888669CDC795}.Debug|Win32.ActiveCfg = Debug|Win32
		{932A60C8-E0D8-4092-BAE3-888669CDC795}.Debug|Win32.Build.0 = Debug|Win32
		{932A60C8-E0D8-4092-BAE3-888669CDC795}.Release|Win32.ActiveCfg = Release|Win32
		{932A60C8-E0D8-4092-BAE3-888669CDC795}.Release|Win32.Build.0 = Release|Win32
		{F6A894C0-0878-4C99-A2D1-A75918D78827}.Debug|Win32.ActiveCfg = Debug|Win32
		{F6A894C0-0878-4C99-A2D1-A75918D78827}.Debug|Win32.Build.0 = Debug|Win32
		{F6A894C0-0878-4C99-A2D1-A75918D78827}.Release|Win32.ActiveCfg = Release|Win32
		{F6A894C0-0878-4C99-A2D1-A75918D78827}.Release|Win32.Build.0 = Release|Win32
		{E5EBDC87-ADAE-4D44-9088-C76F6072FE07}.Debug|Win32.ActiveCfg = Debug|Win32
		{E5EBDC87-ADAE-4D44-9088-C76F6072FE07}.Debug|Win32.Build.0 = Debug|Win32
		{E5EBDC87-ADAE-4D44-9088-C76F6072FE07}.Release|Win32.ActiveCfg = Release|Win32
		{E5EBDC87-ADAE-4D44-9088-C76F6072FE07}.Release|Win32.Build.0 = Release|Win32
		{C818B020-A289-44F0-9188-EAEE5681C046}.Debug|Win32.ActiveCfg = Debug|Win32
		{C818B020-A289-44F0-9188-EAEE5681C046}.Debug|Win32.Build.0 = Debug|Win32
		{C818B020-A289-44F0-9188-EAEE5681C046}.Release|Win32.ActiveCfg = Release|Win32
		{C818B020-A289-44F0-9188-EAEE5681C046}.Release|Win32.Build.0 = Release|Win32
		{810F1581-6E9D-4EEF-97B0-D02E84BC5FCF}.Debug|Win32.ActiveCfg = Debug|Win32
		{810F1581-6E9D-4EEF-97B0-D02E84BC5FCF}.Debug|Win32.Build.0 = Debug|Win32
		{810F1581-6E9D-4EEF-97B0-D02E84BC5FCF}.Release|Win32.ActiveCfg = Release|Win32
		{810F1581-6E9D-4EEF-97B0-D02E84BC5FCF}.Release|Win32.Build.0 = Release|Win32
		{240313F0-97AD-4EB9-A1D2-1E8B01991013}.Debug|Win32.ActiveCfg = Debug|Win32
		{240313F0-97AD-4EB9-A1D2-1E8B01991013}.Debug|Win32.Build.0 = Debug|Win32
		{240313F0-97AD-4EB9-A1D2-1E8B01991013}.Release|Win32.ActiveCfg = Release|Win32
		{240313F0-97AD-4EB9-A1D2-1E8B01991013}.Release|Win32.Build.0 = Release|Win32
		{F4D7A52A-300C-4FFE-92C8-D6180077707B}.Debug|Win32.ActiveCfg = Debug|Win32
		{F4D7A52A-300C-4FFE-92C8-D6180077707B}.Debug|Win32.Build.0 = Debug|Win32
		{F4D7A52A-300C-4FFE-92C8-D6180077707B}.Release|Win32.ActiveCfg = Release|Win32
		{F4D7A52A-300C-4FFE-92C8-D6180077707B}.Release|Win32.Build.0 = Release|Win32
		{4B8E4E57-0716-4321-B22E-56CC8D3513CC}.Debug|Win32.ActiveCfg = Debug|Win32
		{4B8E4E57-0716-4321-B22E-56CC8D3513CC}.Debug|Win32.Build.0 = Debug|Win32
		{4B8E4E57-0716-4321-B22E-56CC8D3513CC}.Release|Win32.ActiveCfg = Release|Win32
		{4B8E4E57-0716-4321-B22E-56CC8D3513CC}.Release|Win32.Build.0 = Release|Win32
		{BE093812-8C99-4070-8371-176C09E58939}.Debug|Win32.ActiveCfg = Debug|Win32
		{BE093812-8C99-4070-8371-176C09E58939}.Debug|Win32.Build.0 = Debug|Win32
		{BE093812-8C99-4070-8371-176C09E58939}.Release|Win32.ActiveCfg = Release|Win32
		{BE093812-8C99-4070-8371-176C09E58939}.Release|Win32.Build.0 = Release|Win32
		{004A2B95-BDE7-40A4-A889-6AA61689D714}.Debug|Win32.ActiveCfg = Debug|Win32
		{004A2B95-BDE7-40A4-A889-6AA61689D714}.Debug|Win32.Build.0 = Debug|Win32
		{004A2B95-BDE7-40A4-A889-6AA61689D714}.Release|Win32.ActiveCfg = Release|Win32
		{004A2B95-BDE7-40A4-A889-6AA61689D714}.Release|Win32.Build.0 = Release|Win32
		{D0D1F9F5-D5BB-4588-A0E2-DEB0C4D8EB14}.Debug|Win32.ActiveCfg = Debug|Win32
		{D0D1F9F5-D5BB-4588-A0E2-DEB0C4D8EB14}.Debug|Win32.Build.0 = Debug|Win32
		{D0D1F9F5-D5BB-4588-A0E2-DEB0C4D8EB14}.Release|Win32.ActiveCfg = Release|Win32
		{D0D1F9F5-D5BB-4588-A0E2-DEB0C4D8EB14}.Release|Win32.Build.0 = Release|Win32
		{0A08C39F-0BC7-4905-A134-B3D5790B170B}.Debug|Win32.ActiveCfg = Debug|Win32
		{0A08C39F-0BC7-4905-A134-B3D5790B170B}.Debug|Win32.Build.0 = Debug|Win32
		{0A08C39F-0BC7-4905-A134-B3D5790B170B}.Release|Win32.ActiveCfg = Release|Win32
		{0A08C39F-0BC7-4905-A134-B3D5790B170B}.Release|Win32.Build.0 = Release|Win32
		{DCE69BDF-1F80-46F9-9628-02F4374F27E7}.Debug|Win32.ActiveCfg = Debug|Win32
		{DCE69BDF-1F80-46F9-9628-02F4374F27E7}.Debug|Win32.Build.0 = Debug|Win32
		{DCE69BDF-1F80-46F9-9628-02F4374F27E7}.Release|Win32.ActiveCfg = Release|Win32
		{DCE69BDF-1F80-46F9-9628-02F4374F27E7}.Release|Win32.Build.0 = Release|Win32
		{35A0C37B-6D7D-4BD7-A88B-829C74B93AFC}.Debug|Win32.ActiveCfg = Debug|Win32
		{35A0C37B-6D7D-4BD7-A88B-829C74B93AFC}.Debug|Win32.Build.0 = Debug|Win32
		{35A0C37B-6D7D-4BD7-A88B-829C74B93AFC}.Release|Win32.ActiveCfg = Release|Win32
		{35A0C37B-6D7D-4BD7-A88B-829C74B93AFC}.Release|Win32.Build.0 = Release|Win32
		{25AF05C4-7B08-4129-8E92-CD978DCBF2EC}.Debug|Win32.ActiveCfg = Debug|Win32
		{25AF05C4-7B08-4129-8E92-CD978DCBF2EC}.Debug|Win32.Build.0 = Debug|Win32
		{25AF05C4-7B08-4129-8E92-CD978DCBF2EC}.Release|Win32.ActiveCfg = Release|Win32
		{25AF05C4-7B08-4129-8E92-CD978DCBF2EC}.Release|Win32.Build.0 = Release|Win32
		{5541F25E-8CD7-4D63-9FC4-C5987485EA5F}.Debug|Win32.ActiveCfg = Debug|Win32
		{5541F25E-8CD7-4D63-9FC4-C5987485EA5F}.Debug|Win32.Build.0 = Debug|Win32
		{5541F25E-8CD7-4D63-9FC4-C5987485EA5F}.Release|Win32.ActiveCfg = Release|Win32
		{5541F25E-8CD7-4D63-9FC4-C5987485EA5F}.Release|Win32.Build.0 = Release|Win32
		{15DD7F8F-0BC9-4413-AC3B-9C9FA2CC945C}.Debug|Win32.ActiveCfg = Debug|Win32
		{15DD7F8F-0BC9-4413-AC3B-9C9FA2CC945C}.Debug|Win32.Build.0 = Debug|Win32
		{15DD7F8F-0BC9-4413-AC3B-9C9FA2CC945C}.Release|Win32.ActiveCfg = Release|Win32
		{15DD7F8F-0BC9-4413-AC3B-9C9FA2CC945C}.Release|Win32.Build.0 = Release|Win32
		{055428A4-7FA3-4620-A324-F0A06B372B7F}.Debug|Win32.ActiveCfg = Debug|Win32
		{055428A4-7FA3-4620-A324-F0A06B372B7F}.Debug|Win32.Build.0 = Debug|Win32
		{055428A4-7FA3-4620-A324-F0A06B372B7F}.Release|Win32.ActiveCfg = Release|Win32
		{055428A4-7FA3-4620-A324-F0A06B372B7F}.Release|Win32.Build.0 = Release|Win32
		{ABD35D70-B0BD-4A10-B4AC-7096130017C2}.Debug|Win32.ActiveCfg = Debug|Win32
		{ABD35D70-B0BD-4A10-B4AC-7096130017C2}.Debug|Win32.Build.0 = Debug|Win32
		{ABD35D70-B0BD-4A10-B4AC-7096130017C2}.Release|Win32.ActiveCfg = Release|Win32
		{ABD35D70-B0BD-4A10-B4AC-7096130017C2}.Release|Win32.Build.0 = Release|Win32
		{D6659F96-ED0D-4C71-948E-37894DDE6F7A}.Debug|Win32.ActiveCfg = Debug|Win32
		{D6659F96-ED0D-4C71-948E-37894DDE6F7A}.Debug|Win32.Build.0 = Debug|Win32
		{D6659F96-ED0D-4C71-948E-37894DDE6F7A}.Release|Win32.ActiveCfg = Release|Win32
		{D6659F96-ED0D-4C71-948E-37894DDE6F7A}.Release|Win32.Build.0 = Release|Win32
		{BB72F3A4-F757-4DBA-8D82-4AC75814A9EC}.Debug|Win32.ActiveCfg = Debug|Win32
		{BB72F3A4-F757-4DBA-8D82-4AC75814A9EC}.Debug|Win32.Build.0 = Debug|Win32
		{BB72F3A4-F757-4DBA-8D82-4AC75814A9EC}.Release|Win32.ActiveCfg = Release|Win32
		{BB72F3A4-F757-4DBA-8D82-4AC75814A9EC}.Release|Win32.Build.0 = Release|Win32
		{C81EF4C8-E2AF-4120-ABBC-81A35AF54B34}.Debug|Win32.ActiveCfg = Debug|Win32
		{C81EF4C8-E2AF-4120-ABBC-81A35AF54B34}.Debug|Win32.Build.0 = Debug|Win32
		{C81EF4C8-E2AF-4120-ABBC-81A35AF54B34}.Release|Win32.ActiveCfg = Release|Win32
		{C81EF4C8-E2AF-4120-ABBC-81A35AF54B34}.Release|Win32.Build.0 = Release|Win32
		{3D8EB96B-A284-4119-8914-704CBD0EC041}.Debug|Win32.ActiveCfg = Debug|Win32
		{3D8EB96B-A284-4119-8914-704CBD0EC041}.Debug|Win32.Build.0 = Debug|Win32
		{3D8EB96B-A284-4119-8914-704CBD0EC041}.Release|Win32.ActiveCfg = Release|Win32
		{3D8EB96B-A284-4119-8914-704CBD0EC041}.Release|Win32.Build.0 = Release|Win32
		{C5616BED-F6FC-4278-8EB8-5F7F08C2FD58}.Debug|Win32.ActiveCfg = Debug|Win32
		{C5616BED-F6FC-4278-8EB8-5F7F08C2FD58}.Debug|Win32.Build.0 = Debug|Win32
		{C5616BED-F6FC-4278-8EB8-5F7F08C2FD58}.Release|Win32.ActiveCfg = Release|Win32
		{C5616BED-F6FC-4278-8EB8-5F7F08C2FD58}.Release|Win32.Build.0 = Release|Win32
		{5109E3FA-A69D-462E-B65B-FAF97A0000C3}.Debug|Win32.ActiveCfg = Debug|Win32
		{5109E3FA-A69D-462E-B65B-FAF97A0000C3}.Debug|Win32.Build.0 = Debug|Win32
		{5109E3FA-A69D-462E-B65B-FAF97A0000C3}.Release|Win32.ActiveCfg = Release|Win32
		{5109E3FA-A69D-462E-B65B-FAF97A0000C3}.Release|Win32.Build.0 = Release|Win32
	EndGlobalSection
	GlobalSection(SolutionProperties) = preSolution
		HideSolutionNode = FALSE
	EndGlobalSection
EndGlobal
