
Microsoft Visual Studio Solution File, Format Version 12.00
# Visual Studio 2013
VisualStudioVersion = 12.0.21005.1
MinimumVisualStudioVersion = 10.0.40219.1
Project("{8BC9CEB8-8B4A-11D0-8D11-00A0C91BC942}") = "advanced1002_AxB_polynomials", "advanced1002_AxB_polynomials\advanced1002_AxB_polynomials.vcxproj", "{932A60C8-E0D8-4092-BAE3-888669CDC795}"
EndProject
Project("{8BC9CEB8-8B4A-11D0-8D11-00A0C91BC942}") = "advanced1003_emergency", "advanced1003_emergency\advanced1003_emergency.vcxproj", "{F6A894C0-0878-4C99-A2D1-A75918D78827}"
EndProject
Project("{8BC9CEB8-8B4A-11D0-8D11-00A0C91BC942}") = "advanced1004_counting_leaves", "advanced1004_counting_leaves\advanced1004_counting_leaves.vcxproj", "{E5EBDC87-ADAE-4D44-9088-C76F6072FE07}"
EndProject
Project("{8BC9CEB8-8B4A-11D0-8D11-00A0C91BC942}") = "advanced1010_radix", "advanced1010_radix\advanced1010_radix.vcxproj", "{C818B020-A289-44F0-9188-EAEE5681C046}"
EndProject
Project("{8BC9CEB8-8B4A-11D0-8D11-00A0C91BC942}") = "advanced1008_elevator", "advanced1008_elevator\advanced1008_elevator.vcxproj", "{810F1581-6E9D-4EEF-97B0-D02E84BC5FCF}"
EndProject
Project("{8BC9CEB8-8B4A-11D0-8D11-00A0C91BC942}") = "advanced1005_spell_it_right", "advanced1005_spell_it_right\advanced1005_spell_it_right.vcxproj", "{240313F0-97AD-4EB9-A1D2-1E8B01991013}"
EndProject
Project("{8BC9CEB8-8B4A-11D0-8D11-00A0C91BC942}") = "advanced1001_AxB_format", "advanced1001_AxB_format\advanced1001_AxB_format.vcxproj", "{F4D7A52A-300C-4FFE-92C8-D6180077707B}"
EndProject
Project("{8BC9CEB8-8B4A-11D0-8D11-00A0C91BC942}") = "advanced1006_sign_in_and_sign_out", "advanced1006_sign_in_and_sign_out\advanced1006_sign_in_and_sign_out.vcxproj", "{4B8E4E57-0716-4321-B22E-56CC8D3513CC}"
EndProject
Project("{8BC9CEB8-8B4A-11D0-8D11-00A0C91BC942}") = "advanced1007_maximum_subsequence_sum", "advanced1007_maximum_subsequence_sum\advanced1007_maximum_subsequence_sum.vcxproj", "{BE093812-8C99-4070-8371-176C09E58939}"
EndProject
Project("{8BC9CEB8-8B4A-11D0-8D11-00A0C91BC942}") = "advanced1009_product_of_polynomials", "advanced1009_product_of_polynomials\advanced1009_product_of_polynomials.vcxproj", "{004A2B95-BDE7-40A4-A889-6AA61689D714}"
EndProject
Project("{8BC9CEB8-8B4A-11D0-8D11-00A0C91BC942}") = "advanced1011_world_cup_betting", "advanced1011_world_cup_betting\advanced1011_world_cup_betting.vcxproj", "{D0D1F9F5-D5BB-4588-A0E2-DEB0C4D8EB14}"
EndProject
Project("{8BC9CEB8-8B4A-11D0-8D11-00A0C91BC942}") = "advanced1012_the_best_rank", "advanced1012_the_best_rank\advanced1012_the_best_rank.vcxproj", "{0A08C39F-0BC7-4905-A134-B3D5790B170B}"
EndProject
Project("{8BC9CEB8-8B4A-11D0-8D11-00A0C91BC942}") = "advanced1015_reversible_primes", "advanced1015_reversible_primes\advanced1015_reversible_primes.vcxproj", "{DCE69BDF-1F80-46F9-9628-02F4374F27E7}"
EndProject
Project("{8BC9CEB8-8B4A-11D0-8D11-00A0C91BC942}") = "advanced1016_phone_bills", "advanced1016_phone_bills\advanced1016_phone_bills.vcxproj", "{35A0C37B-6D7D-4BD7-A88B-829C74B93AFC}"
EndProject
Project("{8BC9CEB8-8B4A-11D0-8D11-00A0C91BC942}") = "advanced1017_queueing_at_bank", "advanced1017_queueing_at_bank\advanced1017_queueing_at_bank.vcxproj", "{25AF05C4-7B08-4129-8E92-CD978DCBF2EC}"
EndProject
Project("{8BC9CEB8-8B4A-11D0-8D11-00A0C91BC942}") = "advanced1020_tree_traversals", "advanced1020_tree_traversals\advanced1020_tree_traversals.vcxproj", "{5541F25E-8CD7-4D63-9FC4-C5987485EA5F}"
EndProject
Project("{8BC9CEB8-8B4A-11D0-8D11-00A0C91BC942}") = "advanced1019_general_palindromic_number", "advanced1019_general_palindromic_number\advanced1019_general_palindromic_number.vcxproj", "{15DD7F8F-0BC9-4413-AC3B-9C9FA2CC945C}"
EndProject
Project("{8BC9CEB8-8B4A-11D0-8D11-00A0C91BC942}") = "advanced1022_digital_library", "advanced1022_digital_library\advanced1022_digital_library.vcxproj", "{055428A4-7FA3-4620-A324-F0A06B372B7F}"
EndProject
Project("{8BC9CEB8-8B4A-11D0-8D11-00A0C91BC942}") = "advanced1024_palindromic_number", "advanced1024_palindromic_number\advanced1024_palindromic_number.vcxproj", "{ABD35D70-B0BD-4A10-B4AC-7096130017C2}"
EndProject
Project("{8BC9CEB8-8B4A-11D0-8D11-00A0C91BC942}") = "advanced1025_PAT_ranking", "advanced1025_PAT_ranking\advanced1025_PAT_ranking.vcxproj", "{D6659F96-ED0D-4C71-948E-37894DDE6F7A}"
EndProject
Project("{8BC9CEB8-8B4A-11D0-8D11-00A0C91BC942}") = "advanced1023_have_fun_with_numbers", "advanced1023_have_fun_with_numbers\advanced1023_have_fun_with_numbers.vcxproj", "{BB72F3A4-F757-4DBA-8D82-4AC75814A9EC}"
EndProject
Project("{8BC9CEB8-8B4A-11D0-8D11-00A0C91BC942}") = "advanced1028_list_sorting", "advanced1028_list_sorting\advanced1028_list_sorting.vcxproj", "{C81EF4C8-E2AF-4120-ABBC-81A35AF54B34}"
EndProject
Project("{8BC9CEB8-8B4A-11D0-8D11-00A0C91BC942}") = "advanced1027_colors_in_mars", "advanced1027_colors_in_mars\advanced1027_colors_in_mars.vcxproj", "{3D8EB96B-A284-4119-8914-704CBD0EC041}"
EndProject
Project("{8BC9CEB8-8B4A-11D0-8D11-00A0C91BC942}") = "advanced1029_median", "advanced1029_median\advanced1029_median.vcxproj", "{C5616BED-F6FC-4278-8EB8-5F7F08C2FD58}"
EndProject
Project("{8BC9CEB8-8B4A-11D0-8D11-00A0C91BC942}") = "advanced1030_travel_plan", "advanced1030_travel_plan\advanced1030_travel_plan.vcxproj", "{5109E3FA-A69D-462E-B65B-FAF97A0000C3}"
EndProject
Project("{8BC9CEB8-8B4A-11D0-8D11-00A0C91BC942}") = "advanced1031_helloworld_for_u", "advanced1031_helloworld_for_u\advanced1031_helloworld_for_u.vcxproj", "{B7FF4ECD-01BC-4E46-A5B0-7C810AC84E4E}"
EndProject
Project("{8BC9CEB8-8B4A-11D0-8D11-00A0C91BC942}") = "advanced1032_sharing", "advanced1032_sharing\advanced1032_sharing.vcxproj", "{ECB7ECCE-51D1-4FBC-AB58-D1A4448F929A}"
EndProject
Project("{8BC9CEB8-8B4A-11D0-8D11-00A0C91BC942}") = "advanced1033_to_fill_or_not_fill", "advanced1033_to_fill_or_not_fill\advanced1033_to_fill_or_not_fill.vcxproj", "{FFD88D41-5924-4A36-86EE-112A14235F0A}"
EndProject
Project("{8BC9CEB8-8B4A-11D0-8D11-00A0C91BC942}") = "advanced1034_head_of_gang", "advanced1034_head_of_gang\advanced1034_head_of_gang.vcxproj", "{B00AE550-CE2B-4E66-980B-B95040262124}"
EndProject
Project("{8BC9CEB8-8B4A-11D0-8D11-00A0C91BC942}") = "advanced1035_password", "advanced1035_password\advanced1035_password.vcxproj", "{1038B036-9745-4CA3-85DF-1BEF9E9EE680}"
EndProject
Project("{8BC9CEB8-8B4A-11D0-8D11-00A0C91BC942}") = "advanced1041_be_unique", "advanced1041_be_unique\advanced1041_be_unique.vcxproj", "{F8B96EAD-3C4D-4A57-8BAA-F3008EB60598}"
EndProject
Project("{8BC9CEB8-8B4A-11D0-8D11-00A0C91BC942}") = "advanced1036_boys_vs_girs", "advanced1036_boys_vs_girs\advanced1036_boys_vs_girs.vcxproj", "{28E562CD-ABF1-4677-A8AC-A94495CFF478}"
EndProject
Project("{8BC9CEB8-8B4A-11D0-8D11-00A0C91BC942}") = "advanced1038_recover_the_smallest_number", "advanced1038_recover_the_smallest_number\advanced1038_recover_the_smallest_number.vcxproj", "{616178ED-80CB-4B9A-8912-BD8B6EEFCAD4}"
EndProject
Project("{8BC9CEB8-8B4A-11D0-8D11-00A0C91BC942}") = "advanced1037_magic_coupon", "advanced1037_magic_coupon\advanced1037_magic_coupon.vcxproj", "{322CD3E6-4220-417F-BCD0-829D113E6B7E}"
EndProject
Project("{8BC9CEB8-8B4A-11D0-8D11-00A0C91BC942}") = "advanced1042_shuffling_machine", "advanced1042_shuffling_machine\advanced1042_shuffling_machine.vcxproj", "{C7CE7244-642C-42EB-87EB-414357BE05B6}"
EndProject
Project("{8BC9CEB8-8B4A-11D0-8D11-00A0C91BC942}") = "advanced1039_course_list_for_students", "advanced1039_course_list_for_students\advanced1039_course_list_for_students.vcxproj", "{E7208CB1-88FE-49AF-9A8F-BB30A91E1FC4}"
EndProject
Project("{8BC9CEB8-8B4A-11D0-8D11-00A0C91BC942}") = "advanced1045_favorite_color_stripe", "advanced1045_favorite_color_stripe\advanced1045_favorite_color_stripe.vcxproj", "{3F9CEFAC-60A9-4D19-BCE7-7F3847C542B9}"
EndProject
Project("{8BC9CEB8-8B4A-11D0-8D11-00A0C91BC942}") = "advanced1046_shortest_distance", "advanced1046_shortest_distance\advanced1046_shortest_distance.vcxproj", "{26033E94-8006-49D5-9C1A-8F838215A76F}"
EndProject
Project("{8BC9CEB8-8B4A-11D0-8D11-00A0C91BC942}") = "advanced1040_longest_symmetric_string", "advanced1040_longest_symmetric_string\advanced1040_longest_symmetric_string.vcxproj", "{014CA703-30F7-4260-B924-19365724AA36}"
EndProject
Project("{8BC9CEB8-8B4A-11D0-8D11-00A0C91BC942}") = "advanced1049_counting_ones", "advanced1049_counting_ones\advanced1049_counting_ones.vcxproj", "{E73DB284-1C30-4C5C-A0F9-CB8B25CD7B92}"
EndProject
Project("{8BC9CEB8-8B4A-11D0-8D11-00A0C91BC942}") = "advanced1050_string_substring", "advanced1050_string_substring\advanced1050_string_substring.vcxproj", "{DE26A16C-7008-4811-A156-0854DDE692CC}"
EndProject
Project("{8BC9CEB8-8B4A-11D0-8D11-00A0C91BC942}") = "advanced1043_is_it_BST", "advanced1043_is_it_BST\advanced1043_is_it_BST.vcxproj", "{2D163E69-C632-432D-BCEA-F6B26F8D1FFA}"
EndProject
Project("{8BC9CEB8-8B4A-11D0-8D11-00A0C91BC942}") = "advanced1044_shopping_in_mars", "advanced1044_shopping_in_mars\advanced1044_shopping_in_mars.vcxproj", "{85131DFF-A0E7-4086-A8AB-66A778990753}"
EndProject
Project("{8BC9CEB8-8B4A-11D0-8D11-00A0C91BC942}") = "advanced1047_student_list_for_course", "advanced1047_student_list_for_course\advanced1047_student_list_for_course.vcxproj", "{CC1F03E7-080B-47F6-959C-4379B5FFD988}"
EndProject
Project("{8BC9CEB8-8B4A-11D0-8D11-00A0C91BC942}") = "advanced1048_find_coins", "advanced1048_find_coins\advanced1048_find_coins.vcxproj", "{845ED421-2A4B-4CE4-8A58-F0612B55932D}"
EndProject
Project("{8BC9CEB8-8B4A-11D0-8D11-00A0C91BC942}") = "advanced1051_pop_sequences", "advanced1051_pop_sequences\advanced1051_pop_sequences.vcxproj", "{A12FE217-76F7-4C14-B9FC-31270D0E3424}"
EndProject
Project("{8BC9CEB8-8B4A-11D0-8D11-00A0C91BC942}") = "advanced1053_path_of_equal_weight", "advanced1053_path_of_equal_weight\advanced1053_path_of_equal_weight.vcxproj", "{A207FE29-3EB1-4EA7-A853-5156AB862C20}"
EndProject
Project("{8BC9CEB8-8B4A-11D0-8D11-00A0C91BC942}") = "advanced1052_linked_list_sorting", "advanced1052_linked_list_sorting\advanced1052_linked_list_sorting.vcxproj", "{C9EC64C1-3314-44CE-A006-409AD2E3722B}"
EndProject
Project("{8BC9CEB8-8B4A-11D0-8D11-00A0C91BC942}") = "advanced1054_the_dominant_color", "advanced1054_the_dominant_color\advanced1054_the_dominant_color.vcxproj", "{B0AC6597-E5BE-4476-8275-1E0EB96EB7A8}"
EndProject
Project("{8BC9CEB8-8B4A-11D0-8D11-00A0C91BC942}") = "advanced1055_the_world_richest", "advanced1055_the_world_richest\advanced1055_the_world_richest.vcxproj", "{56338E5A-6D7D-4CCF-8E8A-13A1D783515B}"
EndProject
Project("{8BC9CEB8-8B4A-11D0-8D11-00A0C91BC942}") = "advanced1057_stacck", "advanced1057_stacck\advanced1057_stacck.vcxproj", "{A35E9219-C31C-4793-8380-E31C950354ED}"
EndProject
Project("{8BC9CEB8-8B4A-11D0-8D11-00A0C91BC942}") = "advanced1058_A_plus_B", "advanced1058_A_plus_B\advanced1058_A_plus_B.vcxproj", "{8A5A1604-4825-46E7-B3E7-1452C9FFD6DC}"
EndProject
Project("{8BC9CEB8-8B4A-11D0-8D11-00A0C91BC942}") = "advanced1059_prime_factors", "advanced1059_prime_factors\advanced1059_prime_factors.vcxproj", "{565D23B7-F781-4D2D-9B6E-CD0F378A3709}"
EndProject
Project("{8BC9CEB8-8B4A-11D0-8D11-00A0C91BC942}") = "advanced1060_are_they_equal", "advanced1060_are_they_equal\advanced1060_are_they_equal.vcxproj", "{D8599E60-E2D6-4C17-B5CA-CE76152ACB0B}"
EndProject
Project("{8BC9CEB8-8B4A-11D0-8D11-00A0C91BC942}") = "advanced1061_dating", "advanced1061_dating\advanced1061_dating.vcxproj", "{1BC09A46-E12A-4DCB-9CB7-19908C09C764}"
EndProject
Project("{8BC9CEB8-8B4A-11D0-8D11-00A0C91BC942}") = "advanced1062_talent_and_virtue", "advanced1062_talent_and_virtue\advanced1062_talent_and_virtue.vcxproj", "{A7E748B7-1F11-4416-A777-D40ADF588C2C}"
EndProject
Project("{8BC9CEB8-8B4A-11D0-8D11-00A0C91BC942}") = "advanced1064_complete_binary_search_tree", "advanced1064_complete_binary_search_tree\advanced1064_complete_binary_search_tree.vcxproj", "{7A64158D-FEA0-4481-9C27-14608C5C8954}"
EndProject
Project("{8BC9CEB8-8B4A-11D0-8D11-00A0C91BC942}") = "advanced1063_set_similarity", "advanced1063_set_similarity\advanced1063_set_similarity.vcxproj", "{1704C28A-56B3-4A06-9F79-09BBBA10184F}"
EndProject
Project("{8BC9CEB8-8B4A-11D0-8D11-00A0C91BC942}") = "advanced1065_A_plus_B_and_C", "advanced1065_A_plus_B_and_C\advanced1065_A_plus_B_and_C.vcxproj", "{5DE34AEA-21D8-48AA-B84B-A7C8DF5F32A5}"
EndProject
Project("{8BC9CEB8-8B4A-11D0-8D11-00A0C91BC942}") = "advanced1066_root_of_AVL", "advanced1066_root_of_AVL\advanced1066_root_of_AVL.vcxproj", "{916CB0F9-7DE7-4983-A7BB-7737C93AE520}"
EndProject
Project("{8BC9CEB8-8B4A-11D0-8D11-00A0C91BC942}") = "advanced1067_sort_with_swap", "advanced1067_sort_with_swap\advanced1067_sort_with_swap.vcxproj", "{648C9C8F-B3B8-4C67-AEAF-18F9BCA9D02C}"
EndProject
Project("{8BC9CEB8-8B4A-11D0-8D11-00A0C91BC942}") = "advanced1068_find_more_coins", "advanced1068_find_more_coins\advanced1068_find_more_coins.vcxproj", "{3492FEEF-5D6A-40EA-905F-848F6D9F5D87}"
EndProject
Project("{8BC9CEB8-8B4A-11D0-8D11-00A0C91BC942}") = "advanced1069_the_black_hole_of_numbers", "advanced1069_the_black_hole_of_numbers\advanced1069_the_black_hole_of_numbers.vcxproj", "{0BD11B10-F0BA-437C-9BDD-BFB708AD5A5E}"
EndProject
Project("{8BC9CEB8-8B4A-11D0-8D11-00A0C91BC942}") = "advanced1070_mooncake", "advanced1070_mooncake\advanced1070_mooncake.vcxproj", "{77BF6BD0-63E6-4744-9831-22465DCCC24A}"
EndProject
Project("{8BC9CEB8-8B4A-11D0-8D11-00A0C91BC942}") = "advanced1071_speech_patterns", "advanced1071_speech_patterns\advanced1071_speech_patterns.vcxproj", "{CBA89C3D-0329-470C-ADAD-239CD700E141}"
EndProject
Project("{8BC9CEB8-8B4A-11D0-8D11-00A0C91BC942}") = "advanced1096_consecutive_factors", "advanced1096_consecutive_factors\advanced1096_consecutive_factors.vcxproj", "{BEB2343E-597F-4C9C-A013-890BBB4FF322}"
EndProject
Project("{8BC9CEB8-8B4A-11D0-8D11-00A0C91BC942}") = "advanced1097_deduplication_on_a_linked_list", "advanced1097_deduplication_on_a_linked_list\advanced1097_deduplication_on_a_linked_list.vcxproj", "{C4C76B34-541E-4B36-AC4D-7F5998503319}"
EndProject
Project("{8BC9CEB8-8B4A-11D0-8D11-00A0C91BC942}") = "advanced1072_gas_station", "advanced1072_gas_station\advanced1072_gas_station.vcxproj", "{A4583B73-B7A9-4611-8B6D-CB0923E01790}"
EndProject
Project("{8BC9CEB8-8B4A-11D0-8D11-00A0C91BC942}") = "advanced1073_scientific_notation", "advanced1073_scientific_notation\advanced1073_scientific_notation.vcxproj", "{A6BC35C1-853E-41D2-8D35-F01186B1B43D}"
EndProject
Project("{8BC9CEB8-8B4A-11D0-8D11-00A0C91BC942}") = "advanced1074_reversing_linked_list", "advanced1074_reversing_linked_list\advanced1074_reversing_linked_list.vcxproj", "{DCCC263E-5135-4C0A-9745-D13BDE4AA156}"
EndProject
Project("{8BC9CEB8-8B4A-11D0-8D11-00A0C91BC942}") = "advanced1075_pat_judge", "advanced1075_pat_judge\advanced1075_pat_judge.vcxproj", "{E73571C3-CC37-4454-999B-99AC51EC1D2A}"
EndProject
Project("{8BC9CEB8-8B4A-11D0-8D11-00A0C91BC942}") = "advanced1077_kuchiguse", "advanced1077_kuchiguse\advanced1077_kuchiguse.vcxproj", "{362BF818-F646-4B3A-A908-181775FA404A}"
EndProject
Project("{8BC9CEB8-8B4A-11D0-8D11-00A0C91BC942}") = "advanced1078_hashing", "advanced1078_hashing\advanced1078_hashing.vcxproj", "{D84015B1-7606-4B29-B1B2-0EE8468B415A}"
EndProject
Project("{8BC9CEB8-8B4A-11D0-8D11-00A0C91BC942}") = "advanced1081_rational_sum", "advanced1081_rational_sum\advanced1081_rational_sum.vcxproj", "{3DD98EBF-2D78-4997-84B0-FAB3C551C1A6}"
EndProject
Global
	GlobalSection(SolutionConfigurationPlatforms) = preSolution
		Debug|Win32 = Debug|Win32
		Release|Win32 = Release|Win32
	EndGlobalSection
	GlobalSection(ProjectConfigurationPlatforms) = postSolution
		{932A60C8-E0D8-4092-BAE3-888669CDC795}.Debug|Win32.ActiveCfg = Debug|Win32
		{932A60C8-E0D8-4092-BAE3-888669CDC795}.Debug|Win32.Build.0 = Debug|Win32
		{932A60C8-E0D8-4092-BAE3-888669CDC795}.Release|Win32.ActiveCfg = Release|Win32
		{932A60C8-E0D8-4092-BAE3-888669CDC795}.Release|Win32.Build.0 = Release|Win32
		{F6A894C0-0878-4C99-A2D1-A75918D78827}.Debug|Win32.ActiveCfg = Debug|Win32
		{F6A894C0-0878-4C99-A2D1-A75918D78827}.Debug|Win32.Build.0 = Debug|Win32
		{F6A894C0-0878-4C99-A2D1-A75918D78827}.Release|Win32.ActiveCfg = Release|Win32
		{F6A894C0-0878-4C99-A2D1-A75918D78827}.Release|Win32.Build.0 = Release|Win32
		{E5EBDC87-ADAE-4D44-9088-C76F6072FE07}.Debug|Win32.ActiveCfg = Debug|Win32
		{E5EBDC87-ADAE-4D44-9088-C76F6072FE07}.Debug|Win32.Build.0 = Debug|Win32
		{E5EBDC87-ADAE-4D44-9088-C76F6072FE07}.Release|Win32.ActiveCfg = Release|Win32
		{E5EBDC87-ADAE-4D44-9088-C76F6072FE07}.Release|Win32.Build.0 = Release|Win32
		{C818B020-A289-44F0-9188-EAEE5681C046}.Debug|Win32.ActiveCfg = Debug|Win32
		{C818B020-A289-44F0-9188-EAEE5681C046}.Debug|Win32.Build.0 = Debug|Win32
		{C818B020-A289-44F0-9188-EAEE5681C046}.Release|Win32.ActiveCfg = Release|Win32
		{C818B020-A289-44F0-9188-EAEE5681C046}.Release|Win32.Build.0 = Release|Win32
		{810F1581-6E9D-4EEF-97B0-D02E84BC5FCF}.Debug|Win32.ActiveCfg = Debug|Win32
		{810F1581-6E9D-4EEF-97B0-D02E84BC5FCF}.Debug|Win32.Build.0 = Debug|Win32
		{810F1581-6E9D-4EEF-97B0-D02E84BC5FCF}.Release|Win32.ActiveCfg = Release|Win32
		{810F1581-6E9D-4EEF-97B0-D02E84BC5FCF}.Release|Win32.Build.0 = Release|Win32
		{240313F0-97AD-4EB9-A1D2-1E8B01991013}.Debug|Win32.ActiveCfg = Debug|Win32
		{240313F0-97AD-4EB9-A1D2-1E8B01991013}.Debug|Win32.Build.0 = Debug|Win32
		{240313F0-97AD-4EB9-A1D2-1E8B01991013}.Release|Win32.ActiveCfg = Release|Win32
		{240313F0-97AD-4EB9-A1D2-1E8B01991013}.Release|Win32.Build.0 = Release|Win32
		{F4D7A52A-300C-4FFE-92C8-D6180077707B}.Debug|Win32.ActiveCfg = Debug|Win32
		{F4D7A52A-300C-4FFE-92C8-D6180077707B}.Debug|Win32.Build.0 = Debug|Win32
		{F4D7A52A-300C-4FFE-92C8-D6180077707B}.Release|Win32.ActiveCfg = Release|Win32
		{F4D7A52A-300C-4FFE-92C8-D6180077707B}.Release|Win32.Build.0 = Release|Win32
		{4B8E4E57-0716-4321-B22E-56CC8D3513CC}.Debug|Win32.ActiveCfg = Debug|Win32
		{4B8E4E57-0716-4321-B22E-56CC8D3513CC}.Debug|Win32.Build.0 = Debug|Win32
		{4B8E4E57-0716-4321-B22E-56CC8D3513CC}.Release|Win32.ActiveCfg = Release|Win32
		{4B8E4E57-0716-4321-B22E-56CC8D3513CC}.Release|Win32.Build.0 = Release|Win32
		{BE093812-8C99-4070-8371-176C09E58939}.Debug|Win32.ActiveCfg = Debug|Win32
		{BE093812-8C99-4070-8371-176C09E58939}.Debug|Win32.Build.0 = Debug|Win32
		{BE093812-8C99-4070-8371-176C09E58939}.Release|Win32.ActiveCfg = Release|Win32
		{BE093812-8C99-4070-8371-176C09E58939}.Release|Win32.Build.0 = Release|Win32
		{004A2B95-BDE7-40A4-A889-6AA61689D714}.Debug|Win32.ActiveCfg = Debug|Win32
		{004A2B95-BDE7-40A4-A889-6AA61689D714}.Debug|Win32.Build.0 = Debug|Win32
		{004A2B95-BDE7-40A4-A889-6AA61689D714}.Release|Win32.ActiveCfg = Release|Win32
		{004A2B95-BDE7-40A4-A889-6AA61689D714}.Release|Win32.Build.0 = Release|Win32
		{D0D1F9F5-D5BB-4588-A0E2-DEB0C4D8EB14}.Debug|Win32.ActiveCfg = Debug|Win32
		{D0D1F9F5-D5BB-4588-A0E2-DEB0C4D8EB14}.Debug|Win32.Build.0 = Debug|Win32
		{D0D1F9F5-D5BB-4588-A0E2-DEB0C4D8EB14}.Release|Win32.ActiveCfg = Release|Win32
		{D0D1F9F5-D5BB-4588-A0E2-DEB0C4D8EB14}.Release|Win32.Build.0 = Release|Win32
		{0A08C39F-0BC7-4905-A134-B3D5790B170B}.Debug|Win32.ActiveCfg = Debug|Win32
		{0A08C39F-0BC7-4905-A134-B3D5790B170B}.Debug|Win32.Build.0 = Debug|Win32
		{0A08C39F-0BC7-4905-A134-B3D5790B170B}.Release|Win32.ActiveCfg = Release|Win32
		{0A08C39F-0BC7-4905-A134-B3D5790B170B}.Release|Win32.Build.0 = Release|Win32
		{DCE69BDF-1F80-46F9-9628-02F4374F27E7}.Debug|Win32.ActiveCfg = Debug|Win32
		{DCE69BDF-1F80-46F9-9628-02F4374F27E7}.Debug|Win32.Build.0 = Debug|Win32
		{DCE69BDF-1F80-46F9-9628-02F4374F27E7}.Release|Win32.ActiveCfg = Release|Win32
		{DCE69BDF-1F80-46F9-9628-02F4374F27E7}.Release|Win32.Build.0 = Release|Win32
		{35A0C37B-6D7D-4BD7-A88B-829C74B93AFC}.Debug|Win32.ActiveCfg = Debug|Win32
		{35A0C37B-6D7D-4BD7-A88B-829C74B93AFC}.Debug|Win32.Build.0 = Debug|Win32
		{35A0C37B-6D7D-4BD7-A88B-829C74B93AFC}.Release|Win32.ActiveCfg = Release|Win32
		{35A0C37B-6D7D-4BD7-A88B-829C74B93AFC}.Release|Win32.Build.0 = Release|Win32
		{25AF05C4-7B08-4129-8E92-CD978DCBF2EC}.Debug|Win32.ActiveCfg = Debug|Win32
		{25AF05C4-7B08-4129-8E92-CD978DCBF2EC}.Debug|Win32.Build.0 = Debug|Win32
		{25AF05C4-7B08-4129-8E92-CD978DCBF2EC}.Release|Win32.ActiveCfg = Release|Win32
		{25AF05C4-7B08-4129-8E92-CD978DCBF2EC}.Release|Win32.Build.0 = Release|Win32
		{5541F25E-8CD7-4D63-9FC4-C5987485EA5F}.Debug|Win32.ActiveCfg = Debug|Win32
		{5541F25E-8CD7-4D63-9FC4-C5987485EA5F}.Debug|Win32.Build.0 = Debug|Win32
		{5541F25E-8CD7-4D63-9FC4-C5987485EA5F}.Release|Win32.ActiveCfg = Release|Win32
		{5541F25E-8CD7-4D63-9FC4-C5987485EA5F}.Release|Win32.Build.0 = Release|Win32
		{15DD7F8F-0BC9-4413-AC3B-9C9FA2CC945C}.Debug|Win32.ActiveCfg = Debug|Win32
		{15DD7F8F-0BC9-4413-AC3B-9C9FA2CC945C}.Debug|Win32.Build.0 = Debug|Win32
		{15DD7F8F-0BC9-4413-AC3B-9C9FA2CC945C}.Release|Win32.ActiveCfg = Release|Win32
		{15DD7F8F-0BC9-4413-AC3B-9C9FA2CC945C}.Release|Win32.Build.0 = Release|Win32
		{055428A4-7FA3-4620-A324-F0A06B372B7F}.Debug|Win32.ActiveCfg = Debug|Win32
		{055428A4-7FA3-4620-A324-F0A06B372B7F}.Debug|Win32.Build.0 = Debug|Win32
		{055428A4-7FA3-4620-A324-F0A06B372B7F}.Release|Win32.ActiveCfg = Release|Win32
		{055428A4-7FA3-4620-A324-F0A06B372B7F}.Release|Win32.Build.0 = Release|Win32
		{ABD35D70-B0BD-4A10-B4AC-7096130017C2}.Debug|Win32.ActiveCfg = Debug|Win32
		{ABD35D70-B0BD-4A10-B4AC-7096130017C2}.Debug|Win32.Build.0 = Debug|Win32
		{ABD35D70-B0BD-4A10-B4AC-7096130017C2}.Release|Win32.ActiveCfg = Release|Win32
		{ABD35D70-B0BD-4A10-B4AC-7096130017C2}.Release|Win32.Build.0 = Release|Win32
		{D6659F96-ED0D-4C71-948E-37894DDE6F7A}.Debug|Win32.ActiveCfg = Debug|Win32
		{D6659F96-ED0D-4C71-948E-37894DDE6F7A}.Debug|Win32.Build.0 = Debug|Win32
		{D6659F96-ED0D-4C71-948E-37894DDE6F7A}.Release|Win32.ActiveCfg = Release|Win32
		{D6659F96-ED0D-4C71-948E-37894DDE6F7A}.Release|Win32.Build.0 = Release|Win32
		{BB72F3A4-F757-4DBA-8D82-4AC75814A9EC}.Debug|Win32.ActiveCfg = Debug|Win32
		{BB72F3A4-F757-4DBA-8D82-4AC75814A9EC}.Debug|Win32.Build.0 = Debug|Win32
		{BB72F3A4-F757-4DBA-8D82-4AC75814A9EC}.Release|Win32.ActiveCfg = Release|Win32
		{BB72F3A4-F757-4DBA-8D82-4AC75814A9EC}.Release|Win32.Build.0 = Release|Win32
		{C81EF4C8-E2AF-4120-ABBC-81A35AF54B34}.Debug|Win32.ActiveCfg = Debug|Win32
		{C81EF4C8-E2AF-4120-ABBC-81A35AF54B34}.Debug|Win32.Build.0 = Debug|Win32
		{C81EF4C8-E2AF-4120-ABBC-81A35AF54B34}.Release|Win32.ActiveCfg = Release|Win32
		{C81EF4C8-E2AF-4120-ABBC-81A35AF54B34}.Release|Win32.Build.0 = Release|Win32
		{3D8EB96B-A284-4119-8914-704CBD0EC041}.Debug|Win32.ActiveCfg = Debug|Win32
		{3D8EB96B-A284-4119-8914-704CBD0EC041}.Debug|Win32.Build.0 = Debug|Win32
		{3D8EB96B-A284-4119-8914-704CBD0EC041}.Release|Win32.ActiveCfg = Release|Win32
		{3D8EB96B-A284-4119-8914-704CBD0EC041}.Release|Win32.Build.0 = Release|Win32
		{C5616BED-F6FC-4278-8EB8-5F7F08C2FD58}.Debug|Win32.ActiveCfg = Debug|Win32
		{C5616BED-F6FC-4278-8EB8-5F7F08C2FD58}.Debug|Win32.Build.0 = Debug|Win32
		{C5616BED-F6FC-4278-8EB8-5F7F08C2FD58}.Release|Win32.ActiveCfg = Release|Win32
		{C5616BED-F6FC-4278-8EB8-5F7F08C2FD58}.Release|Win32.Build.0 = Release|Win32
		{5109E3FA-A69D-462E-B65B-FAF97A0000C3}.Debug|Win32.ActiveCfg = Debug|Win32
		{5109E3FA-A69D-462E-B65B-FAF97A0000C3}.Debug|Win32.Build.0 = Debug|Win32
		{5109E3FA-A69D-462E-B65B-FAF97A0000C3}.Release|Win32.ActiveCfg = Release|Win32
		{5109E3FA-A69D-462E-B65B-FAF97A0000C3}.Release|Win32.Build.0 = Release|Win32
		{B7FF4ECD-01BC-4E46-A5B0-7C810AC84E4E}.Debug|Win32.ActiveCfg = Debug|Win32
		{B7FF4ECD-01BC-4E46-A5B0-7C810AC84E4E}.Debug|Win32.Build.0 = Debug|Win32
		{B7FF4ECD-01BC-4E46-A5B0-7C810AC84E4E}.Release|Win32.ActiveCfg = Release|Win32
		{B7FF4ECD-01BC-4E46-A5B0-7C810AC84E4E}.Release|Win32.Build.0 = Release|Win32
		{ECB7ECCE-51D1-4FBC-AB58-D1A4448F929A}.Debug|Win32.ActiveCfg = Debug|Win32
		{ECB7ECCE-51D1-4FBC-AB58-D1A4448F929A}.Debug|Win32.Build.0 = Debug|Win32
		{ECB7ECCE-51D1-4FBC-AB58-D1A4448F929A}.Release|Win32.ActiveCfg = Release|Win32
		{ECB7ECCE-51D1-4FBC-AB58-D1A4448F929A}.Release|Win32.Build.0 = Release|Win32
		{FFD88D41-5924-4A36-86EE-112A14235F0A}.Debug|Win32.ActiveCfg = Debug|Win32
		{FFD88D41-5924-4A36-86EE-112A14235F0A}.Debug|Win32.Build.0 = Debug|Win32
		{FFD88D41-5924-4A36-86EE-112A14235F0A}.Release|Win32.ActiveCfg = Release|Win32
		{FFD88D41-5924-4A36-86EE-112A14235F0A}.Release|Win32.Build.0 = Release|Win32
		{B00AE550-CE2B-4E66-980B-B95040262124}.Debug|Win32.ActiveCfg = Debug|Win32
		{B00AE550-CE2B-4E66-980B-B95040262124}.Debug|Win32.Build.0 = Debug|Win32
		{B00AE550-CE2B-4E66-980B-B95040262124}.Release|Win32.ActiveCfg = Release|Win32
		{B00AE550-CE2B-4E66-980B-B95040262124}.Release|Win32.Build.0 = Release|Win32
		{1038B036-9745-4CA3-85DF-1BEF9E9EE680}.Debug|Win32.ActiveCfg = Debug|Win32
		{1038B036-9745-4CA3-85DF-1BEF9E9EE680}.Debug|Win32.Build.0 = Debug|Win32
		{1038B036-9745-4CA3-85DF-1BEF9E9EE680}.Release|Win32.ActiveCfg = Release|Win32
		{1038B036-9745-4CA3-85DF-1BEF9E9EE680}.Release|Win32.Build.0 = Release|Win32
		{F8B96EAD-3C4D-4A57-8BAA-F3008EB60598}.Debug|Win32.ActiveCfg = Debug|Win32
		{F8B96EAD-3C4D-4A57-8BAA-F3008EB60598}.Debug|Win32.Build.0 = Debug|Win32
		{F8B96EAD-3C4D-4A57-8BAA-F3008EB60598}.Release|Win32.ActiveCfg = Release|Win32
		{F8B96EAD-3C4D-4A57-8BAA-F3008EB60598}.Release|Win32.Build.0 = Release|Win32
		{28E562CD-ABF1-4677-A8AC-A94495CFF478}.Debug|Win32.ActiveCfg = Debug|Win32
		{28E562CD-ABF1-4677-A8AC-A94495CFF478}.Debug|Win32.Build.0 = Debug|Win32
		{28E562CD-ABF1-4677-A8AC-A94495CFF478}.Release|Win32.ActiveCfg = Release|Win32
		{28E562CD-ABF1-4677-A8AC-A94495CFF478}.Release|Win32.Build.0 = Release|Win32
		{616178ED-80CB-4B9A-8912-BD8B6EEFCAD4}.Debug|Win32.ActiveCfg = Debug|Win32
		{616178ED-80CB-4B9A-8912-BD8B6EEFCAD4}.Debug|Win32.Build.0 = Debug|Win32
		{616178ED-80CB-4B9A-8912-BD8B6EEFCAD4}.Release|Win32.ActiveCfg = Release|Win32
		{616178ED-80CB-4B9A-8912-BD8B6EEFCAD4}.Release|Win32.Build.0 = Release|Win32
		{322CD3E6-4220-417F-BCD0-829D113E6B7E}.Debug|Win32.ActiveCfg = Debug|Win32
		{322CD3E6-4220-417F-BCD0-829D113E6B7E}.Debug|Win32.Build.0 = Debug|Win32
		{322CD3E6-4220-417F-BCD0-829D113E6B7E}.Release|Win32.ActiveCfg = Release|Win32
		{322CD3E6-4220-417F-BCD0-829D113E6B7E}.Release|Win32.Build.0 = Release|Win32
		{C7CE7244-642C-42EB-87EB-414357BE05B6}.Debug|Win32.ActiveCfg = Debug|Win32
		{C7CE7244-642C-42EB-87EB-414357BE05B6}.Debug|Win32.Build.0 = Debug|Win32
		{C7CE7244-642C-42EB-87EB-414357BE05B6}.Release|Win32.ActiveCfg = Release|Win32
		{C7CE7244-642C-42EB-87EB-414357BE05B6}.Release|Win32.Build.0 = Release|Win32
		{E7208CB1-88FE-49AF-9A8F-BB30A91E1FC4}.Debug|Win32.ActiveCfg = Debug|Win32
		{E7208CB1-88FE-49AF-9A8F-BB30A91E1FC4}.Debug|Win32.Build.0 = Debug|Win32
		{E7208CB1-88FE-49AF-9A8F-BB30A91E1FC4}.Release|Win32.ActiveCfg = Release|Win32
		{E7208CB1-88FE-49AF-9A8F-BB30A91E1FC4}.Release|Win32.Build.0 = Release|Win32
		{3F9CEFAC-60A9-4D19-BCE7-7F3847C542B9}.Debug|Win32.ActiveCfg = Debug|Win32
		{3F9CEFAC-60A9-4D19-BCE7-7F3847C542B9}.Debug|Win32.Build.0 = Debug|Win32
		{3F9CEFAC-60A9-4D19-BCE7-7F3847C542B9}.Release|Win32.ActiveCfg = Release|Win32
		{3F9CEFAC-60A9-4D19-BCE7-7F3847C542B9}.Release|Win32.Build.0 = Release|Win32
		{26033E94-8006-49D5-9C1A-8F838215A76F}.Debug|Win32.ActiveCfg = Debug|Win32
		{26033E94-8006-49D5-9C1A-8F838215A76F}.Debug|Win32.Build.0 = Debug|Win32
		{26033E94-8006-49D5-9C1A-8F838215A76F}.Release|Win32.ActiveCfg = Release|Win32
		{26033E94-8006-49D5-9C1A-8F838215A76F}.Release|Win32.Build.0 = Release|Win32
		{014CA703-30F7-4260-B924-19365724AA36}.Debug|Win32.ActiveCfg = Debug|Win32
		{014CA703-30F7-4260-B924-19365724AA36}.Debug|Win32.Build.0 = Debug|Win32
		{014CA703-30F7-4260-B924-19365724AA36}.Release|Win32.ActiveCfg = Release|Win32
		{014CA703-30F7-4260-B924-19365724AA36}.Release|Win32.Build.0 = Release|Win32
		{E73DB284-1C30-4C5C-A0F9-CB8B25CD7B92}.Debug|Win32.ActiveCfg = Debug|Win32
		{E73DB284-1C30-4C5C-A0F9-CB8B25CD7B92}.Debug|Win32.Build.0 = Debug|Win32
		{E73DB284-1C30-4C5C-A0F9-CB8B25CD7B92}.Release|Win32.ActiveCfg = Release|Win32
		{E73DB284-1C30-4C5C-A0F9-CB8B25CD7B92}.Release|Win32.Build.0 = Release|Win32
		{DE26A16C-7008-4811-A156-0854DDE692CC}.Debug|Win32.ActiveCfg = Debug|Win32
		{DE26A16C-7008-4811-A156-0854DDE692CC}.Debug|Win32.Build.0 = Debug|Win32
		{DE26A16C-7008-4811-A156-0854DDE692CC}.Release|Win32.ActiveCfg = Release|Win32
		{DE26A16C-7008-4811-A156-0854DDE692CC}.Release|Win32.Build.0 = Release|Win32
		{2D163E69-C632-432D-BCEA-F6B26F8D1FFA}.Debug|Win32.ActiveCfg = Debug|Win32
		{2D163E69-C632-432D-BCEA-F6B26F8D1FFA}.Debug|Win32.Build.0 = Debug|Win32
		{2D163E69-C632-432D-BCEA-F6B26F8D1FFA}.Release|Win32.ActiveCfg = Release|Win32
		{2D163E69-C632-432D-BCEA-F6B26F8D1FFA}.Release|Win32.Build.0 = Release|Win32
		{85131DFF-A0E7-4086-A8AB-66A778990753}.Debug|Win32.ActiveCfg = Debug|Win32
		{85131DFF-A0E7-4086-A8AB-66A778990753}.Debug|Win32.Build.0 = Debug|Win32
		{85131DFF-A0E7-4086-A8AB-66A778990753}.Release|Win32.ActiveCfg = Release|Win32
		{85131DFF-A0E7-4086-A8AB-66A778990753}.Release|Win32.Build.0 = Release|Win32
		{CC1F03E7-080B-47F6-959C-4379B5FFD988}.Debug|Win32.ActiveCfg = Debug|Win32
		{CC1F03E7-080B-47F6-959C-4379B5FFD988}.Debug|Win32.Build.0 = Debug|Win32
		{CC1F03E7-080B-47F6-959C-4379B5FFD988}.Release|Win32.ActiveCfg = Release|Win32
		{CC1F03E7-080B-47F6-959C-4379B5FFD988}.Release|Win32.Build.0 = Release|Win32
		{845ED421-2A4B-4CE4-8A58-F0612B55932D}.Debug|Win32.ActiveCfg = Debug|Win32
		{845ED421-2A4B-4CE4-8A58-F0612B55932D}.Debug|Win32.Build.0 = Debug|Win32
		{845ED421-2A4B-4CE4-8A58-F0612B55932D}.Release|Win32.ActiveCfg = Release|Win32
		{845ED421-2A4B-4CE4-8A58-F0612B55932D}.Release|Win32.Build.0 = Release|Win32
		{A12FE217-76F7-4C14-B9FC-31270D0E3424}.Debug|Win32.ActiveCfg = Debug|Win32
		{A12FE217-76F7-4C14-B9FC-31270D0E3424}.Debug|Win32.Build.0 = Debug|Win32
		{A12FE217-76F7-4C14-B9FC-31270D0E3424}.Release|Win32.ActiveCfg = Release|Win32
		{A12FE217-76F7-4C14-B9FC-31270D0E3424}.Release|Win32.Build.0 = Release|Win32
		{A207FE29-3EB1-4EA7-A853-5156AB862C20}.Debug|Win32.ActiveCfg = Debug|Win32
		{A207FE29-3EB1-4EA7-A853-5156AB862C20}.Debug|Win32.Build.0 = Debug|Win32
		{A207FE29-3EB1-4EA7-A853-5156AB862C20}.Release|Win32.ActiveCfg = Release|Win32
		{A207FE29-3EB1-4EA7-A853-5156AB862C20}.Release|Win32.Build.0 = Release|Win32
		{C9EC64C1-3314-44CE-A006-409AD2E3722B}.Debug|Win32.ActiveCfg = Debug|Win32
		{C9EC64C1-3314-44CE-A006-409AD2E3722B}.Debug|Win32.Build.0 = Debug|Win32
		{C9EC64C1-3314-44CE-A006-409AD2E3722B}.Release|Win32.ActiveCfg = Release|Win32
		{C9EC64C1-3314-44CE-A006-409AD2E3722B}.Release|Win32.Build.0 = Release|Win32
		{B0AC6597-E5BE-4476-8275-1E0EB96EB7A8}.Debug|Win32.ActiveCfg = Debug|Win32
		{B0AC6597-E5BE-4476-8275-1E0EB96EB7A8}.Debug|Win32.Build.0 = Debug|Win32
		{B0AC6597-E5BE-4476-8275-1E0EB96EB7A8}.Release|Win32.ActiveCfg = Release|Win32
		{B0AC6597-E5BE-4476-8275-1E0EB96EB7A8}.Release|Win32.Build.0 = Release|Win32
		{56338E5A-6D7D-4CCF-8E8A-13A1D783515B}.Debug|Win32.ActiveCfg = Debug|Win32
		{56338E5A-6D7D-4CCF-8E8A-13A1D783515B}.Debug|Win32.Build.0 = Debug|Win32
		{56338E5A-6D7D-4CCF-8E8A-13A1D783515B}.Release|Win32.ActiveCfg = Release|Win32
		{56338E5A-6D7D-4CCF-8E8A-13A1D783515B}.Release|Win32.Build.0 = Release|Win32
		{A35E9219-C31C-4793-8380-E31C950354ED}.Debug|Win32.ActiveCfg = Debug|Win32
		{A35E9219-C31C-4793-8380-E31C950354ED}.Debug|Win32.Build.0 = Debug|Win32
		{A35E9219-C31C-4793-8380-E31C950354ED}.Release|Win32.ActiveCfg = Release|Win32
		{A35E9219-C31C-4793-8380-E31C950354ED}.Release|Win32.Build.0 = Release|Win32
		{8A5A1604-4825-46E7-B3E7-1452C9FFD6DC}.Debug|Win32.ActiveCfg = Debug|Win32
		{8A5A1604-4825-46E7-B3E7-1452C9FFD6DC}.Debug|Win32.Build.0 = Debug|Win32
		{8A5A1604-4825-46E7-B3E7-1452C9FFD6DC}.Release|Win32.ActiveCfg = Release|Win32
		{8A5A1604-4825-46E7-B3E7-1452C9FFD6DC}.Release|Win32.Build.0 = Release|Win32
		{565D23B7-F781-4D2D-9B6E-CD0F378A3709}.Debug|Win32.ActiveCfg = Debug|Win32
		{565D23B7-F781-4D2D-9B6E-CD0F378A3709}.Debug|Win32.Build.0 = Debug|Win32
		{565D23B7-F781-4D2D-9B6E-CD0F378A3709}.Release|Win32.ActiveCfg = Release|Win32
		{565D23B7-F781-4D2D-9B6E-CD0F378A3709}.Release|Win32.Build.0 = Release|Win32
		{D8599E60-E2D6-4C17-B5CA-CE76152ACB0B}.Debug|Win32.ActiveCfg = Debug|Win32
		{D8599E60-E2D6-4C17-B5CA-CE76152ACB0B}.Debug|Win32.Build.0 = Debug|Win32
		{D8599E60-E2D6-4C17-B5CA-CE76152ACB0B}.Release|Win32.ActiveCfg = Release|Win32
		{D8599E60-E2D6-4C17-B5CA-CE76152ACB0B}.Release|Win32.Build.0 = Release|Win32
		{1BC09A46-E12A-4DCB-9CB7-19908C09C764}.Debug|Win32.ActiveCfg = Debug|Win32
		{1BC09A46-E12A-4DCB-9CB7-19908C09C764}.Debug|Win32.Build.0 = Debug|Win32
		{1BC09A46-E12A-4DCB-9CB7-19908C09C764}.Release|Win32.ActiveCfg = Release|Win32
		{1BC09A46-E12A-4DCB-9CB7-19908C09C764}.Release|Win32.Build.0 = Release|Win32
		{A7E748B7-1F11-4416-A777-D40ADF588C2C}.Debug|Win32.ActiveCfg = Debug|Win32
		{A7E748B7-1F11-4416-A777-D40ADF588C2C}.Debug|Win32.Build.0 = Debug|Win32
		{A7E748B7-1F11-4416-A777-D40ADF588C2C}.Release|Win32.ActiveCfg = Release|Win32
		{A7E748B7-1F11-4416-A777-D40ADF588C2C}.Release|Win32.Build.0 = Release|Win32
		{7A64158D-FEA0-4481-9C27-14608C5C8954}.Debug|Win32.ActiveCfg = Debug|Win32
		{7A64158D-FEA0-4481-9C27-14608C5C8954}.Debug|Win32.Build.0 = Debug|Win32
		{7A64158D-FEA0-4481-9C27-14608C5C8954}.Release|Win32.ActiveCfg = Release|Win32
		{7A64158D-FEA0-4481-9C27-14608C5C8954}.Release|Win32.Build.0 = Release|Win32
		{1704C28A-56B3-4A06-9F79-09BBBA10184F}.Debug|Win32.ActiveCfg = Debug|Win32
		{1704C28A-56B3-4A06-9F79-09BBBA10184F}.Debug|Win32.Build.0 = Debug|Win32
		{1704C28A-56B3-4A06-9F79-09BBBA10184F}.Release|Win32.ActiveCfg = Release|Win32
		{1704C28A-56B3-4A06-9F79-09BBBA10184F}.Release|Win32.Build.0 = Release|Win32
		{5DE34AEA-21D8-48AA-B84B-A7C8DF5F32A5}.Debug|Win32.ActiveCfg = Debug|Win32
		{5DE34AEA-21D8-48AA-B84B-A7C8DF5F32A5}.Debug|Win32.Build.0 = Debug|Win32
		{5DE34AEA-21D8-48AA-B84B-A7C8DF5F32A5}.Release|Win32.ActiveCfg = Release|Win32
		{5DE34AEA-21D8-48AA-B84B-A7C8DF5F32A5}.Release|Win32.Build.0 = Release|Win32
		{916CB0F9-7DE7-4983-A7BB-7737C93AE520}.Debug|Win32.ActiveCfg = Debug|Win32
		{916CB0F9-7DE7-4983-A7BB-7737C93AE520}.Debug|Win32.Build.0 = Debug|Win32
		{916CB0F9-7DE7-4983-A7BB-7737C93AE520}.Release|Win32.ActiveCfg = Release|Win32
		{916CB0F9-7DE7-4983-A7BB-7737C93AE520}.Release|Win32.Build.0 = Release|Win32
		{648C9C8F-B3B8-4C67-AEAF-18F9BCA9D02C}.Debug|Win32.ActiveCfg = Debug|Win32
		{648C9C8F-B3B8-4C67-AEAF-18F9BCA9D02C}.Debug|Win32.Build.0 = Debug|Win32
		{648C9C8F-B3B8-4C67-AEAF-18F9BCA9D02C}.Release|Win32.ActiveCfg = Release|Win32
		{3492FEEF-5D6A-40EA-905F-848F6D9F5D87}.Debug|Win32.ActiveCfg = Release|Win32
		{3492FEEF-5D6A-40EA-905F-848F6D9F5D87}.Release|Win32.ActiveCfg = Release|Win32
		{0BD11B10-F0BA-437C-9BDD-BFB708AD5A5E}.Debug|Win32.ActiveCfg = Debug|Win32
		{0BD11B10-F0BA-437C-9BDD-BFB708AD5A5E}.Debug|Win32.Build.0 = Debug|Win32
		{0BD11B10-F0BA-437C-9BDD-BFB708AD5A5E}.Release|Win32.ActiveCfg = Release|Win32
		{0BD11B10-F0BA-437C-9BDD-BFB708AD5A5E}.Release|Win32.Build.0 = Release|Win32
		{77BF6BD0-63E6-4744-9831-22465DCCC24A}.Debug|Win32.ActiveCfg = Debug|Win32
		{77BF6BD0-63E6-4744-9831-22465DCCC24A}.Debug|Win32.Build.0 = Debug|Win32
		{77BF6BD0-63E6-4744-9831-22465DCCC24A}.Release|Win32.ActiveCfg = Release|Win32
		{77BF6BD0-63E6-4744-9831-22465DCCC24A}.Release|Win32.Build.0 = Release|Win32
		{CBA89C3D-0329-470C-ADAD-239CD700E141}.Debug|Win32.ActiveCfg = Debug|Win32
		{CBA89C3D-0329-470C-ADAD-239CD700E141}.Debug|Win32.Build.0 = Debug|Win32
		{CBA89C3D-0329-470C-ADAD-239CD700E141}.Release|Win32.ActiveCfg = Release|Win32
		{CBA89C3D-0329-470C-ADAD-239CD700E141}.Release|Win32.Build.0 = Release|Win32
		{BEB2343E-597F-4C9C-A013-890BBB4FF322}.Debug|Win32.ActiveCfg = Debug|Win32
		{BEB2343E-597F-4C9C-A013-890BBB4FF322}.Debug|Win32.Build.0 = Debug|Win32
		{BEB2343E-597F-4C9C-A013-890BBB4FF322}.Release|Win32.ActiveCfg = Release|Win32
		{BEB2343E-597F-4C9C-A013-890BBB4FF322}.Release|Win32.Build.0 = Release|Win32
		{C4C76B34-541E-4B36-AC4D-7F5998503319}.Debug|Win32.ActiveCfg = Debug|Win32
		{C4C76B34-541E-4B36-AC4D-7F5998503319}.Debug|Win32.Build.0 = Debug|Win32
		{C4C76B34-541E-4B36-AC4D-7F5998503319}.Release|Win32.ActiveCfg = Release|Win32
		{C4C76B34-541E-4B36-AC4D-7F5998503319}.Release|Win32.Build.0 = Release|Win32
		{A4583B73-B7A9-4611-8B6D-CB0923E01790}.Debug|Win32.ActiveCfg = Debug|Win32
		{A4583B73-B7A9-4611-8B6D-CB0923E01790}.Debug|Win32.Build.0 = Debug|Win32
		{A4583B73-B7A9-4611-8B6D-CB0923E01790}.Release|Win32.ActiveCfg = Release|Win32
		{A4583B73-B7A9-4611-8B6D-CB0923E01790}.Release|Win32.Build.0 = Release|Win32
		{A6BC35C1-853E-41D2-8D35-F01186B1B43D}.Debug|Win32.ActiveCfg = Debug|Win32
		{A6BC35C1-853E-41D2-8D35-F01186B1B43D}.Debug|Win32.Build.0 = Debug|Win32
		{A6BC35C1-853E-41D2-8D35-F01186B1B43D}.Release|Win32.ActiveCfg = Release|Win32
		{A6BC35C1-853E-41D2-8D35-F01186B1B43D}.Release|Win32.Build.0 = Release|Win32
		{DCCC263E-5135-4C0A-9745-D13BDE4AA156}.Debug|Win32.ActiveCfg = Debug|Win32
		{DCCC263E-5135-4C0A-9745-D13BDE4AA156}.Debug|Win32.Build.0 = Debug|Win32
		{DCCC263E-5135-4C0A-9745-D13BDE4AA156}.Release|Win32.ActiveCfg = Release|Win32
		{DCCC263E-5135-4C0A-9745-D13BDE4AA156}.Release|Win32.Build.0 = Release|Win32
		{E73571C3-CC37-4454-999B-99AC51EC1D2A}.Debug|Win32.ActiveCfg = Debug|Win32
		{E73571C3-CC37-4454-999B-99AC51EC1D2A}.Debug|Win32.Build.0 = Debug|Win32
		{E73571C3-CC37-4454-999B-99AC51EC1D2A}.Release|Win32.ActiveCfg = Release|Win32
		{E73571C3-CC37-4454-999B-99AC51EC1D2A}.Release|Win32.Build.0 = Release|Win32
		{362BF818-F646-4B3A-A908-181775FA404A}.Debug|Win32.ActiveCfg = Debug|Win32
		{362BF818-F646-4B3A-A908-181775FA404A}.Debug|Win32.Build.0 = Debug|Win32
		{362BF818-F646-4B3A-A908-181775FA404A}.Release|Win32.ActiveCfg = Release|Win32
		{362BF818-F646-4B3A-A908-181775FA404A}.Release|Win32.Build.0 = Release|Win32
		{D84015B1-7606-4B29-B1B2-0EE8468B415A}.Debug|Win32.ActiveCfg = Debug|Win32
		{D84015B1-7606-4B29-B1B2-0EE8468B415A}.Debug|Win32.Build.0 = Debug|Win32
		{D84015B1-7606-4B29-B1B2-0EE8468B415A}.Release|Win32.ActiveCfg = Release|Win32
		{D84015B1-7606-4B29-B1B2-0EE8468B415A}.Release|Win32.Build.0 = Release|Win32
		{3DD98EBF-2D78-4997-84B0-FAB3C551C1A6}.Debug|Win32.ActiveCfg = Debug|Win32
		{3DD98EBF-2D78-4997-84B0-FAB3C551C1A6}.Debug|Win32.Build.0 = Debug|Win32
		{3DD98EBF-2D78-4997-84B0-FAB3C551C1A6}.Release|Win32.ActiveCfg = Release|Win32
		{3DD98EBF-2D78-4997-84B0-FAB3C551C1A6}.Release|Win32.Build.0 = Release|Win32
	EndGlobalSection
	GlobalSection(SolutionProperties) = preSolution
		HideSolutionNode = FALSE
	EndGlobalSection
EndGlobal
